// !$*UTF8*$!
{
	archiveVersion = 1;
	classes = {
	};
	objectVersion = 55;
	objects = {

/* Begin PBXBuildFile section */
		44025661279C1FE30068EA93 /* Quicksand-Regular.ttf in Resources */ = {isa = PBXBuildFile; fileRef = 4402565C279C1FE20068EA93 /* Quicksand-Regular.ttf */; };
		44025662279C1FE30068EA93 /* Quicksand-Light.ttf in Resources */ = {isa = PBXBuildFile; fileRef = 4402565D279C1FE20068EA93 /* Quicksand-Light.ttf */; };
		44025663279C1FE30068EA93 /* Quicksand-Medium.ttf in Resources */ = {isa = PBXBuildFile; fileRef = 4402565E279C1FE30068EA93 /* Quicksand-Medium.ttf */; };
		44025664279C1FE30068EA93 /* Quicksand-SemiBold.ttf in Resources */ = {isa = PBXBuildFile; fileRef = 4402565F279C1FE30068EA93 /* Quicksand-SemiBold.ttf */; };
		44025665279C1FE30068EA93 /* Quicksand-Bold.ttf in Resources */ = {isa = PBXBuildFile; fileRef = 44025660279C1FE30068EA93 /* Quicksand-Bold.ttf */; };
		444D9BB3281CADE6003B73DE /* RadioView.swift in Sources */ = {isa = PBXBuildFile; fileRef = 444D9BB2281CADE6003B73DE /* RadioView.swift */; };
		444D9BB7281CB030003B73DE /* PrayView.swift in Sources */ = {isa = PBXBuildFile; fileRef = 444D9BB6281CB030003B73DE /* PrayView.swift */; };
		447ACE852790757D0073A932 /* Hang_MobileApp.swift in Sources */ = {isa = PBXBuildFile; fileRef = 447ACE842790757D0073A932 /* Hang_MobileApp.swift */; };
		447ACE872790757D0073A932 /* ContentView.swift in Sources */ = {isa = PBXBuildFile; fileRef = 447ACE862790757D0073A932 /* ContentView.swift */; };
		447ACE892790757F0073A932 /* Assets.xcassets in Resources */ = {isa = PBXBuildFile; fileRef = 447ACE882790757F0073A932 /* Assets.xcassets */; };
		447ACE8C2790757F0073A932 /* Preview Assets.xcassets in Resources */ = {isa = PBXBuildFile; fileRef = 447ACE8B2790757F0073A932 /* Preview Assets.xcassets */; };
		447ACE94279078440073A932 /* RadioPlayer.swift in Sources */ = {isa = PBXBuildFile; fileRef = 447ACE93279078440073A932 /* RadioPlayer.swift */; };
		4489327B279C1D4300E0FE13 /* Colors.swift in Sources */ = {isa = PBXBuildFile; fileRef = 4489327A279C1D4300E0FE13 /* Colors.swift */; };
		449B7F2E27ED605A00CF1D49 /* PrayTime.swift in Sources */ = {isa = PBXBuildFile; fileRef = 449B7F2D27ED605A00CF1D49 /* PrayTime.swift */; };
		449B7F3127ED683900CF1D49 /* LocationManager.swift in Sources */ = {isa = PBXBuildFile; fileRef = 449B7F3027ED683900CF1D49 /* LocationManager.swift */; };
		44B13136283F0FCD002E90B4 /* Pray.swift in Sources */ = {isa = PBXBuildFile; fileRef = 44B13135283F0FCD002E90B4 /* Pray.swift */; };
		44C2D85D2826404100B39931 /* UpcomingPrayView.swift in Sources */ = {isa = PBXBuildFile; fileRef = 44C2D85C2826404100B39931 /* UpcomingPrayView.swift */; };
		44FF7638281CD06800379478 /* String+Ext.swift in Sources */ = {isa = PBXBuildFile; fileRef = 44FF7637281CD06800379478 /* String+Ext.swift */; };
		44FF763A281CD84000379478 /* Image+Ext.swift in Sources */ = {isa = PBXBuildFile; fileRef = 44FF7639281CD84000379478 /* Image+Ext.swift */; };
		44FF763C281CF4C300379478 /* Date+Ext.swift in Sources */ = {isa = PBXBuildFile; fileRef = 44FF763B281CF4C300379478 /* Date+Ext.swift */; };
		44FF7640281D09E100379478 /* PrayNotification.swift in Sources */ = {isa = PBXBuildFile; fileRef = 44FF763F281D09E100379478 /* PrayNotification.swift */; };
		48E9DDCF1E4AE94D14ADB278 /* Pods_Hang_Mobile.framework in Frameworks */ = {isa = PBXBuildFile; fileRef = 1E81CD5DF30B4FFD1F13684B /* Pods_Hang_Mobile.framework */; };
/* End PBXBuildFile section */

/* Begin PBXFileReference section */
		1E81CD5DF30B4FFD1F13684B /* Pods_Hang_Mobile.framework */ = {isa = PBXFileReference; explicitFileType = wrapper.framework; includeInIndex = 0; path = Pods_Hang_Mobile.framework; sourceTree = BUILT_PRODUCTS_DIR; };
		4402565C279C1FE20068EA93 /* Quicksand-Regular.ttf */ = {isa = PBXFileReference; lastKnownFileType = file; path = "Quicksand-Regular.ttf"; sourceTree = "<group>"; };
		4402565D279C1FE20068EA93 /* Quicksand-Light.ttf */ = {isa = PBXFileReference; lastKnownFileType = file; path = "Quicksand-Light.ttf"; sourceTree = "<group>"; };
		4402565E279C1FE30068EA93 /* Quicksand-Medium.ttf */ = {isa = PBXFileReference; lastKnownFileType = file; path = "Quicksand-Medium.ttf"; sourceTree = "<group>"; };
		4402565F279C1FE30068EA93 /* Quicksand-SemiBold.ttf */ = {isa = PBXFileReference; lastKnownFileType = file; path = "Quicksand-SemiBold.ttf"; sourceTree = "<group>"; };
		44025660279C1FE30068EA93 /* Quicksand-Bold.ttf */ = {isa = PBXFileReference; lastKnownFileType = file; path = "Quicksand-Bold.ttf"; sourceTree = "<group>"; };
		444D9BB2281CADE6003B73DE /* RadioView.swift */ = {isa = PBXFileReference; lastKnownFileType = sourcecode.swift; path = RadioView.swift; sourceTree = "<group>"; };
		444D9BB6281CB030003B73DE /* PrayView.swift */ = {isa = PBXFileReference; lastKnownFileType = sourcecode.swift; path = PrayView.swift; sourceTree = "<group>"; };
		447ACE812790757D0073A932 /* Hang Mobile.app */ = {isa = PBXFileReference; explicitFileType = wrapper.application; includeInIndex = 0; path = "Hang Mobile.app"; sourceTree = BUILT_PRODUCTS_DIR; };
		447ACE842790757D0073A932 /* Hang_MobileApp.swift */ = {isa = PBXFileReference; lastKnownFileType = sourcecode.swift; path = Hang_MobileApp.swift; sourceTree = "<group>"; };
		447ACE862790757D0073A932 /* ContentView.swift */ = {isa = PBXFileReference; lastKnownFileType = sourcecode.swift; path = ContentView.swift; sourceTree = "<group>"; };
		447ACE882790757F0073A932 /* Assets.xcassets */ = {isa = PBXFileReference; lastKnownFileType = folder.assetcatalog; path = Assets.xcassets; sourceTree = "<group>"; };
		447ACE8B2790757F0073A932 /* Preview Assets.xcassets */ = {isa = PBXFileReference; lastKnownFileType = folder.assetcatalog; path = "Preview Assets.xcassets"; sourceTree = "<group>"; };
		447ACE93279078440073A932 /* RadioPlayer.swift */ = {isa = PBXFileReference; lastKnownFileType = sourcecode.swift; path = RadioPlayer.swift; sourceTree = "<group>"; };
		447ACE9527907D6F0073A932 /* Hang-Mobile-Info.plist */ = {isa = PBXFileReference; lastKnownFileType = text.plist; path = "Hang-Mobile-Info.plist"; sourceTree = SOURCE_ROOT; };
		4489327A279C1D4300E0FE13 /* Colors.swift */ = {isa = PBXFileReference; lastKnownFileType = sourcecode.swift; path = Colors.swift; sourceTree = "<group>"; };
		449B7F2D27ED605A00CF1D49 /* PrayTime.swift */ = {isa = PBXFileReference; lastKnownFileType = sourcecode.swift; path = PrayTime.swift; sourceTree = "<group>"; };
		449B7F3027ED683900CF1D49 /* LocationManager.swift */ = {isa = PBXFileReference; lastKnownFileType = sourcecode.swift; path = LocationManager.swift; sourceTree = "<group>"; };
		44B13135283F0FCD002E90B4 /* Pray.swift */ = {isa = PBXFileReference; lastKnownFileType = sourcecode.swift; path = Pray.swift; sourceTree = "<group>"; };
		44C2D85C2826404100B39931 /* UpcomingPrayView.swift */ = {isa = PBXFileReference; lastKnownFileType = sourcecode.swift; path = UpcomingPrayView.swift; sourceTree = "<group>"; };
		44FF7637281CD06800379478 /* String+Ext.swift */ = {isa = PBXFileReference; lastKnownFileType = sourcecode.swift; path = "String+Ext.swift"; sourceTree = "<group>"; };
		44FF7639281CD84000379478 /* Image+Ext.swift */ = {isa = PBXFileReference; lastKnownFileType = sourcecode.swift; path = "Image+Ext.swift"; sourceTree = "<group>"; };
		44FF763B281CF4C300379478 /* Date+Ext.swift */ = {isa = PBXFileReference; lastKnownFileType = sourcecode.swift; path = "Date+Ext.swift"; sourceTree = "<group>"; };
		44FF763F281D09E100379478 /* PrayNotification.swift */ = {isa = PBXFileReference; lastKnownFileType = sourcecode.swift; path = PrayNotification.swift; sourceTree = "<group>"; };
		7A40BC93B0EFF86CA0900E47 /* Pods-Hang Mobile.release.xcconfig */ = {isa = PBXFileReference; includeInIndex = 1; lastKnownFileType = text.xcconfig; name = "Pods-Hang Mobile.release.xcconfig"; path = "Target Support Files/Pods-Hang Mobile/Pods-Hang Mobile.release.xcconfig"; sourceTree = "<group>"; };
		B8874B9C38D06ADC945A9141 /* Pods-Hang Mobile.debug.xcconfig */ = {isa = PBXFileReference; includeInIndex = 1; lastKnownFileType = text.xcconfig; name = "Pods-Hang Mobile.debug.xcconfig"; path = "Target Support Files/Pods-Hang Mobile/Pods-Hang Mobile.debug.xcconfig"; sourceTree = "<group>"; };
/* End PBXFileReference section */

/* Begin PBXFrameworksBuildPhase section */
		447ACE7E2790757D0073A932 /* Frameworks */ = {
			isa = PBXFrameworksBuildPhase;
			buildActionMask = 2147483647;
			files = (
				48E9DDCF1E4AE94D14ADB278 /* Pods_Hang_Mobile.framework in Frameworks */,
			);
			runOnlyForDeploymentPostprocessing = 0;
		};
/* End PBXFrameworksBuildPhase section */

/* Begin PBXGroup section */
		4402565B279C1F9E0068EA93 /* Fonts */ = {
			isa = PBXGroup;
			children = (
				44025660279C1FE30068EA93 /* Quicksand-Bold.ttf */,
				4402565D279C1FE20068EA93 /* Quicksand-Light.ttf */,
				4402565E279C1FE30068EA93 /* Quicksand-Medium.ttf */,
				4402565C279C1FE20068EA93 /* Quicksand-Regular.ttf */,
				4402565F279C1FE30068EA93 /* Quicksand-SemiBold.ttf */,
			);
			path = Fonts;
			sourceTree = "<group>";
		};
		444D9BB1281CADB3003B73DE /* Views */ = {
			isa = PBXGroup;
			children = (
				444D9BB2281CADE6003B73DE /* RadioView.swift */,
				444D9BB6281CB030003B73DE /* PrayView.swift */,
				44C2D85C2826404100B39931 /* UpcomingPrayView.swift */,
			);
			path = Views;
			sourceTree = "<group>";
		};
		447ACE782790757D0073A932 = {
			isa = PBXGroup;
			children = (
				447ACE832790757D0073A932 /* Hang Mobile */,
				447ACE822790757D0073A932 /* Products */,
				D37465842824577121B2B2B9 /* Pods */,
				E26FB0557671D7D01EE91707 /* Frameworks */,
			);
			sourceTree = "<group>";
		};
		447ACE822790757D0073A932 /* Products */ = {
			isa = PBXGroup;
			children = (
				447ACE812790757D0073A932 /* Hang Mobile.app */,
			);
			name = Products;
			sourceTree = "<group>";
		};
		447ACE832790757D0073A932 /* Hang Mobile */ = {
			isa = PBXGroup;
			children = (
				444D9BB1281CADB3003B73DE /* Views */,
				449B7F2F27ED682200CF1D49 /* Helper */,
				4402565B279C1F9E0068EA93 /* Fonts */,
				44893279279C1D3000E0FE13 /* Model */,
				447ACE922790781B0073A932 /* ViewModel */,
				447ACE9527907D6F0073A932 /* Hang-Mobile-Info.plist */,
				447ACE842790757D0073A932 /* Hang_MobileApp.swift */,
				447ACE862790757D0073A932 /* ContentView.swift */,
				447ACE882790757F0073A932 /* Assets.xcassets */,
				447ACE8A2790757F0073A932 /* Preview Content */,
			);
			path = "Hang Mobile";
			sourceTree = "<group>";
		};
		447ACE8A2790757F0073A932 /* Preview Content */ = {
			isa = PBXGroup;
			children = (
				447ACE8B2790757F0073A932 /* Preview Assets.xcassets */,
			);
			path = "Preview Content";
			sourceTree = "<group>";
		};
		447ACE922790781B0073A932 /* ViewModel */ = {
			isa = PBXGroup;
			children = (
				447ACE93279078440073A932 /* RadioPlayer.swift */,
				449B7F2D27ED605A00CF1D49 /* PrayTime.swift */,
				44FF763F281D09E100379478 /* PrayNotification.swift */,
			);
			path = ViewModel;
			sourceTree = "<group>";
		};
		44893279279C1D3000E0FE13 /* Model */ = {
			isa = PBXGroup;
			children = (
				4489327A279C1D4300E0FE13 /* Colors.swift */,
				44B13135283F0FCD002E90B4 /* Pray.swift */,
			);
			path = Model;
			sourceTree = "<group>";
		};
		449B7F2F27ED682200CF1D49 /* Helper */ = {
			isa = PBXGroup;
			children = (
				449B7F3027ED683900CF1D49 /* LocationManager.swift */,
				44FF7637281CD06800379478 /* String+Ext.swift */,
				44FF7639281CD84000379478 /* Image+Ext.swift */,
				44FF763B281CF4C300379478 /* Date+Ext.swift */,
			);
			path = Helper;
			sourceTree = "<group>";
		};
		D37465842824577121B2B2B9 /* Pods */ = {
			isa = PBXGroup;
			children = (
				B8874B9C38D06ADC945A9141 /* Pods-Hang Mobile.debug.xcconfig */,
				7A40BC93B0EFF86CA0900E47 /* Pods-Hang Mobile.release.xcconfig */,
			);
			path = Pods;
			sourceTree = "<group>";
		};
		E26FB0557671D7D01EE91707 /* Frameworks */ = {
			isa = PBXGroup;
			children = (
				1E81CD5DF30B4FFD1F13684B /* Pods_Hang_Mobile.framework */,
			);
			name = Frameworks;
			sourceTree = "<group>";
		};
/* End PBXGroup section */

/* Begin PBXNativeTarget section */
		447ACE802790757D0073A932 /* Hang Mobile */ = {
			isa = PBXNativeTarget;
			buildConfigurationList = 447ACE8F2790757F0073A932 /* Build configuration list for PBXNativeTarget "Hang Mobile" */;
			buildPhases = (
				9FF2CAF7A843FBA476BAC9E2 /* [CP] Check Pods Manifest.lock */,
				447ACE7D2790757D0073A932 /* Sources */,
				447ACE7E2790757D0073A932 /* Frameworks */,
				447ACE7F2790757D0073A932 /* Resources */,
				D1E8B8BBB9E74DAF6E7D7255 /* [CP] Embed Pods Frameworks */,
			);
			buildRules = (
			);
			dependencies = (
			);
			name = "Hang Mobile";
			productName = "Hang Mobile";
			productReference = 447ACE812790757D0073A932 /* Hang Mobile.app */;
			productType = "com.apple.product-type.application";
		};
/* End PBXNativeTarget section */

/* Begin PBXProject section */
		447ACE792790757D0073A932 /* Project object */ = {
			isa = PBXProject;
			attributes = {
				BuildIndependentTargetsInParallel = 1;
				LastSwiftUpdateCheck = 1310;
				LastUpgradeCheck = 1310;
				TargetAttributes = {
					447ACE802790757D0073A932 = {
						CreatedOnToolsVersion = 13.1;
					};
				};
			};
			buildConfigurationList = 447ACE7C2790757D0073A932 /* Build configuration list for PBXProject "Hang Mobile" */;
			compatibilityVersion = "Xcode 13.0";
			developmentRegion = en;
			hasScannedForEncodings = 0;
			knownRegions = (
				en,
				Base,
			);
			mainGroup = 447ACE782790757D0073A932;
			productRefGroup = 447ACE822790757D0073A932 /* Products */;
			projectDirPath = "";
			projectRoot = "";
			targets = (
				447ACE802790757D0073A932 /* Hang Mobile */,
			);
		};
/* End PBXProject section */

/* Begin PBXResourcesBuildPhase section */
		447ACE7F2790757D0073A932 /* Resources */ = {
			isa = PBXResourcesBuildPhase;
			buildActionMask = 2147483647;
			files = (
				44025665279C1FE30068EA93 /* Quicksand-Bold.ttf in Resources */,
				447ACE8C2790757F0073A932 /* Preview Assets.xcassets in Resources */,
				44025661279C1FE30068EA93 /* Quicksand-Regular.ttf in Resources */,
				447ACE892790757F0073A932 /* Assets.xcassets in Resources */,
				44025664279C1FE30068EA93 /* Quicksand-SemiBold.ttf in Resources */,
				44025662279C1FE30068EA93 /* Quicksand-Light.ttf in Resources */,
				44025663279C1FE30068EA93 /* Quicksand-Medium.ttf in Resources */,
			);
			runOnlyForDeploymentPostprocessing = 0;
		};
/* End PBXResourcesBuildPhase section */

/* Begin PBXShellScriptBuildPhase section */
		9FF2CAF7A843FBA476BAC9E2 /* [CP] Check Pods Manifest.lock */ = {
			isa = PBXShellScriptBuildPhase;
			buildActionMask = 2147483647;
			files = (
			);
			inputFileListPaths = (
			);
			inputPaths = (
				"${PODS_PODFILE_DIR_PATH}/Podfile.lock",
				"${PODS_ROOT}/Manifest.lock",
			);
			name = "[CP] Check Pods Manifest.lock";
			outputFileListPaths = (
			);
			outputPaths = (
				"$(DERIVED_FILE_DIR)/Pods-Hang Mobile-checkManifestLockResult.txt",
			);
			runOnlyForDeploymentPostprocessing = 0;
			shellPath = /bin/sh;
			shellScript = "diff \"${PODS_PODFILE_DIR_PATH}/Podfile.lock\" \"${PODS_ROOT}/Manifest.lock\" > /dev/null\nif [ $? != 0 ] ; then\n    # print error to STDERR\n    echo \"error: The sandbox is not in sync with the Podfile.lock. Run 'pod install' or update your CocoaPods installation.\" >&2\n    exit 1\nfi\n# This output is used by Xcode 'outputs' to avoid re-running this script phase.\necho \"SUCCESS\" > \"${SCRIPT_OUTPUT_FILE_0}\"\n";
			showEnvVarsInLog = 0;
		};
		D1E8B8BBB9E74DAF6E7D7255 /* [CP] Embed Pods Frameworks */ = {
			isa = PBXShellScriptBuildPhase;
			buildActionMask = 2147483647;
			files = (
			);
			inputFileListPaths = (
				"${PODS_ROOT}/Target Support Files/Pods-Hang Mobile/Pods-Hang Mobile-frameworks-${CONFIGURATION}-input-files.xcfilelist",
			);
			name = "[CP] Embed Pods Frameworks";
			outputFileListPaths = (
				"${PODS_ROOT}/Target Support Files/Pods-Hang Mobile/Pods-Hang Mobile-frameworks-${CONFIGURATION}-output-files.xcfilelist",
			);
			runOnlyForDeploymentPostprocessing = 0;
			shellPath = /bin/sh;
			shellScript = "\"${PODS_ROOT}/Target Support Files/Pods-Hang Mobile/Pods-Hang Mobile-frameworks.sh\"\n";
			showEnvVarsInLog = 0;
		};
/* End PBXShellScriptBuildPhase section */

/* Begin PBXSourcesBuildPhase section */
		447ACE7D2790757D0073A932 /* Sources */ = {
			isa = PBXSourcesBuildPhase;
			buildActionMask = 2147483647;
			files = (
				447ACE94279078440073A932 /* RadioPlayer.swift in Sources */,
				444D9BB3281CADE6003B73DE /* RadioView.swift in Sources */,
				4489327B279C1D4300E0FE13 /* Colors.swift in Sources */,
				449B7F3127ED683900CF1D49 /* LocationManager.swift in Sources */,
				447ACE872790757D0073A932 /* ContentView.swift in Sources */,
				44FF7640281D09E100379478 /* PrayNotification.swift in Sources */,
				449B7F2E27ED605A00CF1D49 /* PrayTime.swift in Sources */,
				44FF763C281CF4C300379478 /* Date+Ext.swift in Sources */,
				44C2D85D2826404100B39931 /* UpcomingPrayView.swift in Sources */,
				44B13136283F0FCD002E90B4 /* Pray.swift in Sources */,
				444D9BB7281CB030003B73DE /* PrayView.swift in Sources */,
				44FF7638281CD06800379478 /* String+Ext.swift in Sources */,
				44FF763A281CD84000379478 /* Image+Ext.swift in Sources */,
				447ACE852790757D0073A932 /* Hang_MobileApp.swift in Sources */,
			);
			runOnlyForDeploymentPostprocessing = 0;
		};
/* End PBXSourcesBuildPhase section */

/* Begin XCBuildConfiguration section */
		447ACE8D2790757F0073A932 /* Debug */ = {
			isa = XCBuildConfiguration;
			buildSettings = {
				ALWAYS_SEARCH_USER_PATHS = NO;
				CLANG_ANALYZER_NONNULL = YES;
				CLANG_ANALYZER_NUMBER_OBJECT_CONVERSION = YES_AGGRESSIVE;
				CLANG_CXX_LANGUAGE_STANDARD = "gnu++17";
				CLANG_CXX_LIBRARY = "libc++";
				CLANG_ENABLE_MODULES = YES;
				CLANG_ENABLE_OBJC_ARC = YES;
				CLANG_ENABLE_OBJC_WEAK = YES;
				CLANG_WARN_BLOCK_CAPTURE_AUTORELEASING = YES;
				CLANG_WARN_BOOL_CONVERSION = YES;
				CLANG_WARN_COMMA = YES;
				CLANG_WARN_CONSTANT_CONVERSION = YES;
				CLANG_WARN_DEPRECATED_OBJC_IMPLEMENTATIONS = YES;
				CLANG_WARN_DIRECT_OBJC_ISA_USAGE = YES_ERROR;
				CLANG_WARN_DOCUMENTATION_COMMENTS = YES;
				CLANG_WARN_EMPTY_BODY = YES;
				CLANG_WARN_ENUM_CONVERSION = YES;
				CLANG_WARN_INFINITE_RECURSION = YES;
				CLANG_WARN_INT_CONVERSION = YES;
				CLANG_WARN_NON_LITERAL_NULL_CONVERSION = YES;
				CLANG_WARN_OBJC_IMPLICIT_RETAIN_SELF = YES;
				CLANG_WARN_OBJC_LITERAL_CONVERSION = YES;
				CLANG_WARN_OBJC_ROOT_CLASS = YES_ERROR;
				CLANG_WARN_QUOTED_INCLUDE_IN_FRAMEWORK_HEADER = YES;
				CLANG_WARN_RANGE_LOOP_ANALYSIS = YES;
				CLANG_WARN_STRICT_PROTOTYPES = YES;
				CLANG_WARN_SUSPICIOUS_MOVE = YES;
				CLANG_WARN_UNGUARDED_AVAILABILITY = YES_AGGRESSIVE;
				CLANG_WARN_UNREACHABLE_CODE = YES;
				CLANG_WARN__DUPLICATE_METHOD_MATCH = YES;
				COPY_PHASE_STRIP = NO;
				DEBUG_INFORMATION_FORMAT = dwarf;
				ENABLE_STRICT_OBJC_MSGSEND = YES;
				ENABLE_TESTABILITY = YES;
				GCC_C_LANGUAGE_STANDARD = gnu11;
				GCC_DYNAMIC_NO_PIC = NO;
				GCC_NO_COMMON_BLOCKS = YES;
				GCC_OPTIMIZATION_LEVEL = 0;
				GCC_PREPROCESSOR_DEFINITIONS = (
					"DEBUG=1",
					"$(inherited)",
				);
				GCC_WARN_64_TO_32_BIT_CONVERSION = YES;
				GCC_WARN_ABOUT_RETURN_TYPE = YES_ERROR;
				GCC_WARN_UNDECLARED_SELECTOR = YES;
				GCC_WARN_UNINITIALIZED_AUTOS = YES_AGGRESSIVE;
				GCC_WARN_UNUSED_FUNCTION = YES;
				GCC_WARN_UNUSED_VARIABLE = YES;
				IPHONEOS_DEPLOYMENT_TARGET = 15.0;
				MTL_ENABLE_DEBUG_INFO = INCLUDE_SOURCE;
				MTL_FAST_MATH = YES;
				ONLY_ACTIVE_ARCH = YES;
				SDKROOT = iphoneos;
				SWIFT_ACTIVE_COMPILATION_CONDITIONS = DEBUG;
				SWIFT_OPTIMIZATION_LEVEL = "-Onone";
			};
			name = Debug;
		};
		447ACE8E2790757F0073A932 /* Release */ = {
			isa = XCBuildConfiguration;
			buildSettings = {
				ALWAYS_SEARCH_USER_PATHS = NO;
				CLANG_ANALYZER_NONNULL = YES;
				CLANG_ANALYZER_NUMBER_OBJECT_CONVERSION = YES_AGGRESSIVE;
				CLANG_CXX_LANGUAGE_STANDARD = "gnu++17";
				CLANG_CXX_LIBRARY = "libc++";
				CLANG_ENABLE_MODULES = YES;
				CLANG_ENABLE_OBJC_ARC = YES;
				CLANG_ENABLE_OBJC_WEAK = YES;
				CLANG_WARN_BLOCK_CAPTURE_AUTORELEASING = YES;
				CLANG_WARN_BOOL_CONVERSION = YES;
				CLANG_WARN_COMMA = YES;
				CLANG_WARN_CONSTANT_CONVERSION = YES;
				CLANG_WARN_DEPRECATED_OBJC_IMPLEMENTATIONS = YES;
				CLANG_WARN_DIRECT_OBJC_ISA_USAGE = YES_ERROR;
				CLANG_WARN_DOCUMENTATION_COMMENTS = YES;
				CLANG_WARN_EMPTY_BODY = YES;
				CLANG_WARN_ENUM_CONVERSION = YES;
				CLANG_WARN_INFINITE_RECURSION = YES;
				CLANG_WARN_INT_CONVERSION = YES;
				CLANG_WARN_NON_LITERAL_NULL_CONVERSION = YES;
				CLANG_WARN_OBJC_IMPLICIT_RETAIN_SELF = YES;
				CLANG_WARN_OBJC_LITERAL_CONVERSION = YES;
				CLANG_WARN_OBJC_ROOT_CLASS = YES_ERROR;
				CLANG_WARN_QUOTED_INCLUDE_IN_FRAMEWORK_HEADER = YES;
				CLANG_WARN_RANGE_LOOP_ANALYSIS = YES;
				CLANG_WARN_STRICT_PROTOTYPES = YES;
				CLANG_WARN_SUSPICIOUS_MOVE = YES;
				CLANG_WARN_UNGUARDED_AVAILABILITY = YES_AGGRESSIVE;
				CLANG_WARN_UNREACHABLE_CODE = YES;
				CLANG_WARN__DUPLICATE_METHOD_MATCH = YES;
				COPY_PHASE_STRIP = NO;
				DEBUG_INFORMATION_FORMAT = "dwarf-with-dsym";
				ENABLE_NS_ASSERTIONS = NO;
				ENABLE_STRICT_OBJC_MSGSEND = YES;
				GCC_C_LANGUAGE_STANDARD = gnu11;
				GCC_NO_COMMON_BLOCKS = YES;
				GCC_WARN_64_TO_32_BIT_CONVERSION = YES;
				GCC_WARN_ABOUT_RETURN_TYPE = YES_ERROR;
				GCC_WARN_UNDECLARED_SELECTOR = YES;
				GCC_WARN_UNINITIALIZED_AUTOS = YES_AGGRESSIVE;
				GCC_WARN_UNUSED_FUNCTION = YES;
				GCC_WARN_UNUSED_VARIABLE = YES;
				IPHONEOS_DEPLOYMENT_TARGET = 15.0;
				MTL_ENABLE_DEBUG_INFO = NO;
				MTL_FAST_MATH = YES;
				SDKROOT = iphoneos;
				SWIFT_COMPILATION_MODE = wholemodule;
				SWIFT_OPTIMIZATION_LEVEL = "-O";
				VALIDATE_PRODUCT = YES;
			};
			name = Release;
		};
		447ACE902790757F0073A932 /* Debug */ = {
			isa = XCBuildConfiguration;
			baseConfigurationReference = B8874B9C38D06ADC945A9141 /* Pods-Hang Mobile.debug.xcconfig */;
			buildSettings = {
				ASSETCATALOG_COMPILER_APPICON_NAME = AppIcon;
				ASSETCATALOG_COMPILER_GLOBAL_ACCENT_COLOR_NAME = AccentColor;
				CODE_SIGN_ENTITLEMENTS = "Hang Mobile/Hang Mobile.entitlements";
				CODE_SIGN_STYLE = Automatic;
				CURRENT_PROJECT_VERSION = 4;
				DEVELOPMENT_ASSET_PATHS = "\"Hang Mobile/Preview Content\"";
				DEVELOPMENT_TEAM = 8FGBQ573Q7;
				ENABLE_PREVIEWS = YES;
				GENERATE_INFOPLIST_FILE = YES;
				INFOPLIST_FILE = "Hang-Mobile-Info.plist";
				INFOPLIST_KEY_NSLocationWhenInUseUsageDescription = "Hang Mobile needs your location to calculate Pray Time";
				INFOPLIST_KEY_UIApplicationSceneManifest_Generation = YES;
				INFOPLIST_KEY_UIApplicationSupportsIndirectInputEvents = YES;
				INFOPLIST_KEY_UILaunchScreen_Generation = YES;
				INFOPLIST_KEY_UISupportedInterfaceOrientations_iPad = "UIInterfaceOrientationPortrait UIInterfaceOrientationPortraitUpsideDown UIInterfaceOrientationLandscapeLeft UIInterfaceOrientationLandscapeRight";
				INFOPLIST_KEY_UISupportedInterfaceOrientations_iPhone = "UIInterfaceOrientationPortrait UIInterfaceOrientationLandscapeLeft UIInterfaceOrientationLandscapeRight";
				IPHONEOS_DEPLOYMENT_TARGET = 14.0;
				LD_RUNPATH_SEARCH_PATHS = (
					"$(inherited)",
					"@executable_path/Frameworks",
				);
				MARKETING_VERSION = 1.3;
				PRODUCT_BUNDLE_IDENTIFIER = com.midcores.HangMobile;
				PRODUCT_NAME = "$(TARGET_NAME)";
				SUPPORTS_MACCATALYST = YES;
				SWIFT_EMIT_LOC_STRINGS = YES;
				SWIFT_VERSION = 5.0;
				TARGETED_DEVICE_FAMILY = "1,2,6";
			};
			name = Debug;
		};
		447ACE912790757F0073A932 /* Release */ = {
			isa = XCBuildConfiguration;
			baseConfigurationReference = 7A40BC93B0EFF86CA0900E47 /* Pods-Hang Mobile.release.xcconfig */;
			buildSettings = {
				ASSETCATALOG_COMPILER_APPICON_NAME = AppIcon;
				ASSETCATALOG_COMPILER_GLOBAL_ACCENT_COLOR_NAME = AccentColor;
				CODE_SIGN_ENTITLEMENTS = "Hang Mobile/Hang Mobile.entitlements";
				CODE_SIGN_STYLE = Automatic;
				CURRENT_PROJECT_VERSION = 4;
				DEVELOPMENT_ASSET_PATHS = "\"Hang Mobile/Preview Content\"";
				DEVELOPMENT_TEAM = 8FGBQ573Q7;
				ENABLE_PREVIEWS = YES;
				GENERATE_INFOPLIST_FILE = YES;
				INFOPLIST_FILE = "Hang-Mobile-Info.plist";
				INFOPLIST_KEY_NSLocationWhenInUseUsageDescription = "Hang Mobile needs your location to calculate Pray Time";
				INFOPLIST_KEY_UIApplicationSceneManifest_Generation = YES;
				INFOPLIST_KEY_UIApplicationSupportsIndirectInputEvents = YES;
				INFOPLIST_KEY_UILaunchScreen_Generation = YES;
				INFOPLIST_KEY_UISupportedInterfaceOrientations_iPad = "UIInterfaceOrientationPortrait UIInterfaceOrientationPortraitUpsideDown UIInterfaceOrientationLandscapeLeft UIInterfaceOrientationLandscapeRight";
				INFOPLIST_KEY_UISupportedInterfaceOrientations_iPhone = "UIInterfaceOrientationPortrait UIInterfaceOrientationLandscapeLeft UIInterfaceOrientationLandscapeRight";
				IPHONEOS_DEPLOYMENT_TARGET = 14.0;
				LD_RUNPATH_SEARCH_PATHS = (
					"$(inherited)",
					"@executable_path/Frameworks",
				);
				MARKETING_VERSION = 1.3;
				PRODUCT_BUNDLE_IDENTIFIER = com.midcores.HangMobile;
				PRODUCT_NAME = "$(TARGET_NAME)";
				SUPPORTS_MACCATALYST = YES;
				SWIFT_EMIT_LOC_STRINGS = YES;
				SWIFT_VERSION = 5.0;
				TARGETED_DEVICE_FAMILY = "1,2,6";
			};
			name = Release;
		};
/* End XCBuildConfiguration section */

/* Begin XCConfigurationList section */
		447ACE7C2790757D0073A932 /* Build configuration list for PBXProject "Hang Mobile" */ = {
			isa = XCConfigurationList;
			buildConfigurations = (
				447ACE8D2790757F0073A932 /* Debug */,
				447ACE8E2790757F0073A932 /* Release */,
			);
			defaultConfigurationIsVisible = 0;
			defaultConfigurationName = Release;
		};
		447ACE8F2790757F0073A932 /* Build configuration list for PBXNativeTarget "Hang Mobile" */ = {
			isa = XCConfigurationList;
			buildConfigurations = (
				447ACE902790757F0073A932 /* Debug */,
				447ACE912790757F0073A932 /* Release */,
			);
			defaultConfigurationIsVisible = 0;
			defaultConfigurationName = Release;
		};
/* End XCConfigurationList section */
	};
	rootObject = 447ACE792790757D0073A932 /* Project object */;
}
